// !$*UTF8*$!
{
	archiveVersion = 1;
	classes = {
	};
	objectVersion = 50;
	objects = {

/* Begin PBXBuildFile section */
		BB56B9A12946917F00AFB6F2 /* RecipeDetailView.swift in Sources */ = {isa = PBXBuildFile; fileRef = BB56B9A02946917F00AFB6F2 /* RecipeDetailView.swift */; };
		BB684F22294682A500DD2DD0 /* Recipe_List_App.swift in Sources */ = {isa = PBXBuildFile; fileRef = BB684F21294682A500DD2DD0 /* Recipe_List_App.swift */; };
		BB684F24294682A500DD2DD0 /* RecipeListView.swift in Sources */ = {isa = PBXBuildFile; fileRef = BB684F23294682A500DD2DD0 /* RecipeListView.swift */; };
		BB684F26294682A600DD2DD0 /* Assets.xcassets in Resources */ = {isa = PBXBuildFile; fileRef = BB684F25294682A600DD2DD0 /* Assets.xcassets */; };
		BB684F29294682A600DD2DD0 /* Preview Assets.xcassets in Resources */ = {isa = PBXBuildFile; fileRef = BB684F28294682A600DD2DD0 /* Preview Assets.xcassets */; };
		BB684F38294683C800DD2DD0 /* recipes.json in Resources */ = {isa = PBXBuildFile; fileRef = BB684F37294683C800DD2DD0 /* recipes.json */; };
		BB684F3B2946847500DD2DD0 /* Recipe.swift in Sources */ = {isa = PBXBuildFile; fileRef = BB684F3A2946847500DD2DD0 /* Recipe.swift */; };
		BB684F402946859A00DD2DD0 /* RecipeModel.swift in Sources */ = {isa = PBXBuildFile; fileRef = BB684F3F2946859A00DD2DD0 /* RecipeModel.swift */; };
		BB684F45294686DF00DD2DD0 /* DataService.swift in Sources */ = {isa = PBXBuildFile; fileRef = BB684F44294686DF00DD2DD0 /* DataService.swift */; };
		BB6BF193294BDC7000D6F175 /* RecipeTabView.swift in Sources */ = {isa = PBXBuildFile; fileRef = BB6BF192294BDC7000D6F175 /* RecipeTabView.swift */; };
		BBE604852964E84100766D08 /* Rational.swift in Sources */ = {isa = PBXBuildFile; fileRef = BBE604842964E84100766D08 /* Rational.swift */; };
		BBED66BD2951277F003A9ED9 /* Ingredient.swift in Sources */ = {isa = PBXBuildFile; fileRef = BBED66BC2951277F003A9ED9 /* Ingredient.swift */; };
		BBED66C0295129F2003A9ED9 /* RecipeFeaturedView.swift in Sources */ = {isa = PBXBuildFile; fileRef = BBED66BF295129F2003A9ED9 /* RecipeFeaturedView.swift */; };
/* End PBXBuildFile section */

/* Begin PBXFileReference section */
		BB56B9A02946917F00AFB6F2 /* RecipeDetailView.swift */ = {isa = PBXFileReference; lastKnownFileType = sourcecode.swift; path = RecipeDetailView.swift; sourceTree = "<group>"; };
		BB684F1E294682A500DD2DD0 /* recipe-list-app.app */ = {isa = PBXFileReference; explicitFileType = wrapper.application; includeInIndex = 0; path = "recipe-list-app.app"; sourceTree = BUILT_PRODUCTS_DIR; };
		BB684F21294682A500DD2DD0 /* Recipe_List_App.swift */ = {isa = PBXFileReference; lastKnownFileType = sourcecode.swift; path = Recipe_List_App.swift; sourceTree = "<group>"; };
		BB684F23294682A500DD2DD0 /* RecipeListView.swift */ = {isa = PBXFileReference; lastKnownFileType = sourcecode.swift; path = RecipeListView.swift; sourceTree = "<group>"; };
		BB684F25294682A600DD2DD0 /* Assets.xcassets */ = {isa = PBXFileReference; lastKnownFileType = folder.assetcatalog; path = Assets.xcassets; sourceTree = "<group>"; };
		BB684F28294682A600DD2DD0 /* Preview Assets.xcassets */ = {isa = PBXFileReference; lastKnownFileType = folder.assetcatalog; path = "Preview Assets.xcassets"; sourceTree = "<group>"; };
		BB684F2A294682A600DD2DD0 /* Info.plist */ = {isa = PBXFileReference; lastKnownFileType = text.plist.xml; path = Info.plist; sourceTree = "<group>"; };
		BB684F37294683C800DD2DD0 /* recipes.json */ = {isa = PBXFileReference; fileEncoding = 4; lastKnownFileType = text.json; path = recipes.json; sourceTree = "<group>"; };
		BB684F3A2946847500DD2DD0 /* Recipe.swift */ = {isa = PBXFileReference; lastKnownFileType = sourcecode.swift; path = Recipe.swift; sourceTree = "<group>"; };
		BB684F3F2946859A00DD2DD0 /* RecipeModel.swift */ = {isa = PBXFileReference; lastKnownFileType = sourcecode.swift; path = RecipeModel.swift; sourceTree = "<group>"; };
		BB684F44294686DF00DD2DD0 /* DataService.swift */ = {isa = PBXFileReference; lastKnownFileType = sourcecode.swift; path = DataService.swift; sourceTree = "<group>"; };
		BB6BF192294BDC7000D6F175 /* RecipeTabView.swift */ = {isa = PBXFileReference; lastKnownFileType = sourcecode.swift; path = RecipeTabView.swift; sourceTree = "<group>"; };
		BBE604842964E84100766D08 /* Rational.swift */ = {isa = PBXFileReference; fileEncoding = 4; lastKnownFileType = sourcecode.swift; path = Rational.swift; sourceTree = "<group>"; };
		BBED66BC2951277F003A9ED9 /* Ingredient.swift */ = {isa = PBXFileReference; lastKnownFileType = sourcecode.swift; path = Ingredient.swift; sourceTree = "<group>"; };
		BBED66BF295129F2003A9ED9 /* RecipeFeaturedView.swift */ = {isa = PBXFileReference; lastKnownFileType = sourcecode.swift; path = RecipeFeaturedView.swift; sourceTree = "<group>"; };
/* End PBXFileReference section */

/* Begin PBXFrameworksBuildPhase section */
		BB684F1B294682A500DD2DD0 /* Frameworks */ = {
			isa = PBXFrameworksBuildPhase;
			buildActionMask = 2147483647;
			files = (
			);
			runOnlyForDeploymentPostprocessing = 0;
		};
/* End PBXFrameworksBuildPhase section */

/* Begin PBXGroup section */
		BB684F15294682A500DD2DD0 = {
			isa = PBXGroup;
			children = (
				BB684F20294682A500DD2DD0 /* recipe-list-app */,
				BB684F1F294682A500DD2DD0 /* Products */,
			);
			sourceTree = "<group>";
		};
		BB684F1F294682A500DD2DD0 /* Products */ = {
			isa = PBXGroup;
			children = (
				BB684F1E294682A500DD2DD0 /* recipe-list-app.app */,
			);
			name = Products;
			sourceTree = "<group>";
		};
		BB684F20294682A500DD2DD0 /* recipe-list-app */ = {
			isa = PBXGroup;
			children = (
				BB684F21294682A500DD2DD0 /* Recipe_List_App.swift */,
				BB684F352946830C00DD2DD0 /* Data */,
				BB684F32294682F400DD2DD0 /* Views */,
				BB684F33294682FC00DD2DD0 /* ViewModels */,
				BB684F342946830400DD2DD0 /* Models */,
				BB684F362946831500DD2DD0 /* Services */,
				BB684F25294682A600DD2DD0 /* Assets.xcassets */,
				BB684F2A294682A600DD2DD0 /* Info.plist */,
				BB684F27294682A600DD2DD0 /* Preview Content */,
				BBE604832964E80E00766D08 /* Utilities */,
			);
			path = "recipe-list-app";
			sourceTree = "<group>";
		};
		BB684F27294682A600DD2DD0 /* Preview Content */ = {
			isa = PBXGroup;
			children = (
				BB684F28294682A600DD2DD0 /* Preview Assets.xcassets */,
			);
			path = "Preview Content";
			sourceTree = "<group>";
		};
		BB684F32294682F400DD2DD0 /* Views */ = {
			isa = PBXGroup;
			children = (
				BB684F23294682A500DD2DD0 /* RecipeListView.swift */,
				BBED66BF295129F2003A9ED9 /* RecipeFeaturedView.swift */,
				BB56B9A02946917F00AFB6F2 /* RecipeDetailView.swift */,
				BB6BF192294BDC7000D6F175 /* RecipeTabView.swift */,
			);
			path = Views;
			sourceTree = "<group>";
		};
		BB684F33294682FC00DD2DD0 /* ViewModels */ = {
			isa = PBXGroup;
			children = (
				BB684F3F2946859A00DD2DD0 /* RecipeModel.swift */,
			);
			path = ViewModels;
			sourceTree = "<group>";
		};
		BB684F342946830400DD2DD0 /* Models */ = {
			isa = PBXGroup;
			children = (
				BB684F3A2946847500DD2DD0 /* Recipe.swift */,
				BBED66BC2951277F003A9ED9 /* Ingredient.swift */,
			);
			path = Models;
			sourceTree = "<group>";
		};
		BB684F352946830C00DD2DD0 /* Data */ = {
			isa = PBXGroup;
			children = (
				BB684F37294683C800DD2DD0 /* recipes.json */,
			);
			path = Data;
			sourceTree = "<group>";
		};
		BB684F362946831500DD2DD0 /* Services */ = {
			isa = PBXGroup;
			children = (
				BB684F44294686DF00DD2DD0 /* DataService.swift */,
			);
			path = Services;
			sourceTree = "<group>";
		};
		BBE604832964E80E00766D08 /* Utilities */ = {
			isa = PBXGroup;
			children = (
				BBE604842964E84100766D08 /* Rational.swift */,
			);
			path = Utilities;
			sourceTree = "<group>";
		};
/* End PBXGroup section */

/* Begin PBXNativeTarget section */
		BB684F1D294682A500DD2DD0 /* recipe-list-app */ = {
			isa = PBXNativeTarget;
			buildConfigurationList = BB684F2D294682A600DD2DD0 /* Build configuration list for PBXNativeTarget "recipe-list-app" */;
			buildPhases = (
				BB684F1A294682A500DD2DD0 /* Sources */,
				BB684F1B294682A500DD2DD0 /* Frameworks */,
				BB684F1C294682A500DD2DD0 /* Resources */,
			);
			buildRules = (
			);
			dependencies = (
			);
			name = "recipe-list-app";
			productName = "recipe-list-app";
			productReference = BB684F1E294682A500DD2DD0 /* recipe-list-app.app */;
			productType = "com.apple.product-type.application";
		};
/* End PBXNativeTarget section */

/* Begin PBXProject section */
		BB684F16294682A500DD2DD0 /* Project object */ = {
			isa = PBXProject;
			attributes = {
				LastSwiftUpdateCheck = 1240;
				LastUpgradeCheck = 1240;
				TargetAttributes = {
					BB684F1D294682A500DD2DD0 = {
						CreatedOnToolsVersion = 12.4;
					};
				};
			};
			buildConfigurationList = BB684F19294682A500DD2DD0 /* Build configuration list for PBXProject "recipe-list-app" */;
			compatibilityVersion = "Xcode 9.3";
			developmentRegion = en;
			hasScannedForEncodings = 0;
			knownRegions = (
				en,
				Base,
			);
			mainGroup = BB684F15294682A500DD2DD0;
			productRefGroup = BB684F1F294682A500DD2DD0 /* Products */;
			projectDirPath = "";
			projectRoot = "";
			targets = (
				BB684F1D294682A500DD2DD0 /* recipe-list-app */,
			);
		};
/* End PBXProject section */

/* Begin PBXResourcesBuildPhase section */
		BB684F1C294682A500DD2DD0 /* Resources */ = {
			isa = PBXResourcesBuildPhase;
			buildActionMask = 2147483647;
			files = (
				BB684F29294682A600DD2DD0 /* Preview Assets.xcassets in Resources */,
				BB684F38294683C800DD2DD0 /* recipes.json in Resources */,
				BB684F26294682A600DD2DD0 /* Assets.xcassets in Resources */,
			);
			runOnlyForDeploymentPostprocessing = 0;
		};
/* End PBXResourcesBuildPhase section */

/* Begin PBXSourcesBuildPhase section */
		BB684F1A294682A500DD2DD0 /* Sources */ = {
			isa = PBXSourcesBuildPhase;
			buildActionMask = 2147483647;
			files = (
				BB684F3B2946847500DD2DD0 /* Recipe.swift in Sources */,
				BB56B9A12946917F00AFB6F2 /* RecipeDetailView.swift in Sources */,
				BB684F402946859A00DD2DD0 /* RecipeModel.swift in Sources */,
				BB684F24294682A500DD2DD0 /* RecipeListView.swift in Sources */,
				BBED66BD2951277F003A9ED9 /* Ingredient.swift in Sources */,
				BBED66C0295129F2003A9ED9 /* RecipeFeaturedView.swift in Sources */,
				BB684F22294682A500DD2DD0 /* Recipe_List_App.swift in Sources */,
				BBE604852964E84100766D08 /* Rational.swift in Sources */,
				BB684F45294686DF00DD2DD0 /* DataService.swift in Sources */,
				BB6BF193294BDC7000D6F175 /* RecipeTabView.swift in Sources */,
			);
			runOnlyForDeploymentPostprocessing = 0;
		};
/* End PBXSourcesBuildPhase section */

/* Begin XCBuildConfiguration section */
		BB684F2B294682A600DD2DD0 /* Debug */ = {
			isa = XCBuildConfiguration;
			buildSettings = {
				ALWAYS_SEARCH_USER_PATHS = NO;
				CLANG_ANALYZER_NONNULL = YES;
				CLANG_ANALYZER_NUMBER_OBJECT_CONVERSION = YES_AGGRESSIVE;
				CLANG_CXX_LANGUAGE_STANDARD = "gnu++14";
				CLANG_CXX_LIBRARY = "libc++";
				CLANG_ENABLE_MODULES = YES;
				CLANG_ENABLE_OBJC_ARC = YES;
				CLANG_ENABLE_OBJC_WEAK = YES;
				CLANG_WARN_BLOCK_CAPTURE_AUTORELEASING = YES;
				CLANG_WARN_BOOL_CONVERSION = YES;
				CLANG_WARN_COMMA = YES;
				CLANG_WARN_CONSTANT_CONVERSION = YES;
				CLANG_WARN_DEPRECATED_OBJC_IMPLEMENTATIONS = YES;
				CLANG_WARN_DIRECT_OBJC_ISA_USAGE = YES_ERROR;
				CLANG_WARN_DOCUMENTATION_COMMENTS = YES;
				CLANG_WARN_EMPTY_BODY = YES;
				CLANG_WARN_ENUM_CONVERSION = YES;
				CLANG_WARN_INFINITE_RECURSION = YES;
				CLANG_WARN_INT_CONVERSION = YES;
				CLANG_WARN_NON_LITERAL_NULL_CONVERSION = YES;
				CLANG_WARN_OBJC_IMPLICIT_RETAIN_SELF = YES;
				CLANG_WARN_OBJC_LITERAL_CONVERSION = YES;
				CLANG_WARN_OBJC_ROOT_CLASS = YES_ERROR;
				CLANG_WARN_QUOTED_INCLUDE_IN_FRAMEWORK_HEADER = YES;
				CLANG_WARN_RANGE_LOOP_ANALYSIS = YES;
				CLANG_WARN_STRICT_PROTOTYPES = YES;
				CLANG_WARN_SUSPICIOUS_MOVE = YES;
				CLANG_WARN_UNGUARDED_AVAILABILITY = YES_AGGRESSIVE;
				CLANG_WARN_UNREACHABLE_CODE = YES;
				CLANG_WARN__DUPLICATE_METHOD_MATCH = YES;
				COPY_PHASE_STRIP = NO;
				DEBUG_INFORMATION_FORMAT = dwarf;
				ENABLE_STRICT_OBJC_MSGSEND = YES;
				ENABLE_TESTABILITY = YES;
				GCC_C_LANGUAGE_STANDARD = gnu11;
				GCC_DYNAMIC_NO_PIC = NO;
				GCC_NO_COMMON_BLOCKS = YES;
				GCC_OPTIMIZATION_LEVEL = 0;
				GCC_PREPROCESSOR_DEFINITIONS = (
					"DEBUG=1",
					"$(inherited)",
				);
				GCC_WARN_64_TO_32_BIT_CONVERSION = YES;
				GCC_WARN_ABOUT_RETURN_TYPE = YES_ERROR;
				GCC_WARN_UNDECLARED_SELECTOR = YES;
				GCC_WARN_UNINITIALIZED_AUTOS = YES_AGGRESSIVE;
				GCC_WARN_UNUSED_FUNCTION = YES;
				GCC_WARN_UNUSED_VARIABLE = YES;
				IPHONEOS_DEPLOYMENT_TARGET = 14.4;
				MTL_ENABLE_DEBUG_INFO = INCLUDE_SOURCE;
				MTL_FAST_MATH = YES;
				ONLY_ACTIVE_ARCH = YES;
				SDKROOT = iphoneos;
				SWIFT_ACTIVE_COMPILATION_CONDITIONS = DEBUG;
				SWIFT_OPTIMIZATION_LEVEL = "-Onone";
			};
			name = Debug;
		};
		BB684F2C294682A600DD2DD0 /* Release */ = {
			isa = XCBuildConfiguration;
			buildSettings = {
				ALWAYS_SEARCH_USER_PATHS = NO;
				CLANG_ANALYZER_NONNULL = YES;
				CLANG_ANALYZER_NUMBER_OBJECT_CONVERSION = YES_AGGRESSIVE;
				CLANG_CXX_LANGUAGE_STANDARD = "gnu++14";
				CLANG_CXX_LIBRARY = "libc++";
				CLANG_ENABLE_MODULES = YES;
				CLANG_ENABLE_OBJC_ARC = YES;
				CLANG_ENABLE_OBJC_WEAK = YES;
				CLANG_WARN_BLOCK_CAPTURE_AUTORELEASING = YES;
				CLANG_WARN_BOOL_CONVERSION = YES;
				CLANG_WARN_COMMA = YES;
				CLANG_WARN_CONSTANT_CONVERSION = YES;
				CLANG_WARN_DEPRECATED_OBJC_IMPLEMENTATIONS = YES;
				CLANG_WARN_DIRECT_OBJC_ISA_USAGE = YES_ERROR;
				CLANG_WARN_DOCUMENTATION_COMMENTS = YES;
				CLANG_WARN_EMPTY_BODY = YES;
				CLANG_WARN_ENUM_CONVERSION = YES;
				CLANG_WARN_INFINITE_RECURSION = YES;
				CLANG_WARN_INT_CONVERSION = YES;
				CLANG_WARN_NON_LITERAL_NULL_CONVERSION = YES;
				CLANG_WARN_OBJC_IMPLICIT_RETAIN_SELF = YES;
				CLANG_WARN_OBJC_LITERAL_CONVERSION = YES;
				CLANG_WARN_OBJC_ROOT_CLASS = YES_ERROR;
				CLANG_WARN_QUOTED_INCLUDE_IN_FRAMEWORK_HEADER = YES;
				CLANG_WARN_RANGE_LOOP_ANALYSIS = YES;
				CLANG_WARN_STRICT_PROTOTYPES = YES;
				CLANG_WARN_SUSPICIOUS_MOVE = YES;
				CLANG_WARN_UNGUARDED_AVAILABILITY = YES_AGGRESSIVE;
				CLANG_WARN_UNREACHABLE_CODE = YES;
				CLANG_WARN__DUPLICATE_METHOD_MATCH = YES;
				COPY_PHASE_STRIP = NO;
				DEBUG_INFORMATION_FORMAT = "dwarf-with-dsym";
				ENABLE_NS_ASSERTIONS = NO;
				ENABLE_STRICT_OBJC_MSGSEND = YES;
				GCC_C_LANGUAGE_STANDARD = gnu11;
				GCC_NO_COMMON_BLOCKS = YES;
				GCC_WARN_64_TO_32_BIT_CONVERSION = YES;
				GCC_WARN_ABOUT_RETURN_TYPE = YES_ERROR;
				GCC_WARN_UNDECLARED_SELECTOR = YES;
				GCC_WARN_UNINITIALIZED_AUTOS = YES_AGGRESSIVE;
				GCC_WARN_UNUSED_FUNCTION = YES;
				GCC_WARN_UNUSED_VARIABLE = YES;
				IPHONEOS_DEPLOYMENT_TARGET = 14.4;
				MTL_ENABLE_DEBUG_INFO = NO;
				MTL_FAST_MATH = YES;
				SDKROOT = iphoneos;
				SWIFT_COMPILATION_MODE = wholemodule;
				SWIFT_OPTIMIZATION_LEVEL = "-O";
				VALIDATE_PRODUCT = YES;
			};
			name = Release;
		};
		BB684F2E294682A600DD2DD0 /* Debug */ = {
			isa = XCBuildConfiguration;
			buildSettings = {
				ASSETCATALOG_COMPILER_APPICON_NAME = AppIcon;
				ASSETCATALOG_COMPILER_GLOBAL_ACCENT_COLOR_NAME = AccentColor;
				CODE_SIGN_STYLE = Automatic;
				DEVELOPMENT_ASSET_PATHS = "\"recipe-list-app/Preview Content\"";
				DEVELOPMENT_TEAM = 9FQSCL3JW8;
				ENABLE_PREVIEWS = YES;
				INFOPLIST_FILE = "recipe-list-app/Info.plist";
				IPHONEOS_DEPLOYMENT_TARGET = 14.0;
				LD_RUNPATH_SEARCH_PATHS = (
					"$(inherited)",
					"@executable_path/Frameworks",
				);
				PRODUCT_BUNDLE_IDENTIFIER = "com.gohilpry.recipe-list-app";
				PRODUCT_NAME = "$(TARGET_NAME)";
				SWIFT_VERSION = 5.0;
				TARGETED_DEVICE_FAMILY = "1,2";
			};
			name = Debug;
		};
		BB684F2F294682A600DD2DD0 /* Release */ = {
			isa = XCBuildConfiguration;
			buildSettings = {
				ASSETCATALOG_COMPILER_APPICON_NAME = AppIcon;
				ASSETCATALOG_COMPILER_GLOBAL_ACCENT_COLOR_NAME = AccentColor;
				CODE_SIGN_STYLE = Automatic;
				DEVELOPMENT_ASSET_PATHS = "\"recipe-list-app/Preview Content\"";
				DEVELOPMENT_TEAM = 9FQSCL3JW8;
				ENABLE_PREVIEWS = YES;
				INFOPLIST_FILE = "recipe-list-app/Info.plist";
				IPHONEOS_DEPLOYMENT_TARGET = 14.0;
				LD_RUNPATH_SEARCH_PATHS = (
					"$(inherited)",
					"@executable_path/Frameworks",
				);
				PRODUCT_BUNDLE_IDENTIFIER = "com.gohilpry.recipe-list-app";
				PRODUCT_NAME = "$(TARGET_NAME)";
				SWIFT_VERSION = 5.0;
				TARGETED_DEVICE_FAMILY = "1,2";
			};
			name = Release;
		};
/* End XCBuildConfiguration section */

/* Begin XCConfigurationList section */
		BB684F19294682A500DD2DD0 /* Build configuration list for PBXProject "recipe-list-app" */ = {
			isa = XCConfigurationList;
			buildConfigurations = (
				BB684F2B294682A600DD2DD0 /* Debug */,
				BB684F2C294682A600DD2DD0 /* Release */,
			);
			defaultConfigurationIsVisible = 0;
			defaultConfigurationName = Release;
		};
		BB684F2D294682A600DD2DD0 /* Build configuration list for PBXNativeTarget "recipe-list-app" */ = {
			isa = XCConfigurationList;
			buildConfigurations = (
				BB684F2E294682A600DD2DD0 /* Debug */,
				BB684F2F294682A600DD2DD0 /* Release */,
			);
			defaultConfigurationIsVisible = 0;
			defaultConfigurationName = Release;
		};
/* End XCConfigurationList section */
	};
	rootObject = BB684F16294682A500DD2DD0 /* Project object */;
}
